// !$*UTF8*$!
{
	archiveVersion = 1;
	classes = {
	};
	objectVersion = 50;
	objects = {

/* Begin PBXBuildFile section */
		D73FABEC249BAC6F004F79A6 /* PinDetailsViewController.swift in Sources */ = {isa = PBXBuildFile; fileRef = D73FABEB249BAC6F004F79A6 /* PinDetailsViewController.swift */; };
		D73FABEE249BAC7D004F79A6 /* PinDetailsCoordinator.swift in Sources */ = {isa = PBXBuildFile; fileRef = D73FABED249BAC7D004F79A6 /* PinDetailsCoordinator.swift */; };
		D73FABF0249BB7BD004F79A6 /* PinDetailsPresenter.swift in Sources */ = {isa = PBXBuildFile; fileRef = D73FABEF249BB7BD004F79A6 /* PinDetailsPresenter.swift */; };
		D77F7268249A090700E64D86 /* Popup.swift in Sources */ = {isa = PBXBuildFile; fileRef = D77F7267249A090700E64D86 /* Popup.swift */; };
		D77F726A249A3C5A00E64D86 /* UIViewController+Popup.swift in Sources */ = {isa = PBXBuildFile; fileRef = D77F7269249A3C5A00E64D86 /* UIViewController+Popup.swift */; };
		D77F726D249A414C00E64D86 /* HomePresenterTests.swift in Sources */ = {isa = PBXBuildFile; fileRef = D77F726C249A414C00E64D86 /* HomePresenterTests.swift */; };
		D77F7271249A41EF00E64D86 /* MockHome.swift in Sources */ = {isa = PBXBuildFile; fileRef = D77F7270249A41EF00E64D86 /* MockHome.swift */; };
		D77F7274249A461C00E64D86 /* MapPresenterTests.swift in Sources */ = {isa = PBXBuildFile; fileRef = D77F7273249A461C00E64D86 /* MapPresenterTests.swift */; };
		D77F7276249A463900E64D86 /* MockMap.swift in Sources */ = {isa = PBXBuildFile; fileRef = D77F7275249A463900E64D86 /* MockMap.swift */; };
		D78D37262499C631002BF2AE /* TrafficMapViewController.swift in Sources */ = {isa = PBXBuildFile; fileRef = D78D37252499C631002BF2AE /* TrafficMapViewController.swift */; };
		D7CE58762498D475005A9F17 /* AppDelegate.swift in Sources */ = {isa = PBXBuildFile; fileRef = D7CE58752498D475005A9F17 /* AppDelegate.swift */; };
		D7CE58782498D475005A9F17 /* SceneDelegate.swift in Sources */ = {isa = PBXBuildFile; fileRef = D7CE58772498D475005A9F17 /* SceneDelegate.swift */; };
		D7CE587A2498D475005A9F17 /* HomeViewController.swift in Sources */ = {isa = PBXBuildFile; fileRef = D7CE58792498D475005A9F17 /* HomeViewController.swift */; };
		D7CE587D2498D475005A9F17 /* Main.storyboard in Resources */ = {isa = PBXBuildFile; fileRef = D7CE587B2498D475005A9F17 /* Main.storyboard */; };
		D7CE587F2498D476005A9F17 /* Assets.xcassets in Resources */ = {isa = PBXBuildFile; fileRef = D7CE587E2498D476005A9F17 /* Assets.xcassets */; };
		D7CE58822498D476005A9F17 /* LaunchScreen.storyboard in Resources */ = {isa = PBXBuildFile; fileRef = D7CE58802498D476005A9F17 /* LaunchScreen.storyboard */; };
		D7CE58A52498D97B005A9F17 /* BaseNavigationController.swift in Sources */ = {isa = PBXBuildFile; fileRef = D7CE58A42498D97B005A9F17 /* BaseNavigationController.swift */; };
		D7CE58A72498D9E2005A9F17 /* HomeCoordinator.swift in Sources */ = {isa = PBXBuildFile; fileRef = D7CE58A62498D9E2005A9F17 /* HomeCoordinator.swift */; };
		D7CE58A92498DAAF005A9F17 /* String+extension.swift in Sources */ = {isa = PBXBuildFile; fileRef = D7CE58A82498DAAF005A9F17 /* String+extension.swift */; };
		D7CE58AC2498E3DD005A9F17 /* HomePresenter.swift in Sources */ = {isa = PBXBuildFile; fileRef = D7CE58AB2498E3DD005A9F17 /* HomePresenter.swift */; };
		D7CE58AE2498E5BC005A9F17 /* TrafficMapCoordinator.swift in Sources */ = {isa = PBXBuildFile; fileRef = D7CE58AD2498E5BC005A9F17 /* TrafficMapCoordinator.swift */; };
		D7CE58B02498E5E5005A9F17 /* TrafficMapPresenter.swift in Sources */ = {isa = PBXBuildFile; fileRef = D7CE58AF2498E5E5005A9F17 /* TrafficMapPresenter.swift */; };
		D7CE58B42498EAB6005A9F17 /* TrafficResponse.swift in Sources */ = {isa = PBXBuildFile; fileRef = D7CE58B32498EAB6005A9F17 /* TrafficResponse.swift */; };
		D7CE58B62498EAEC005A9F17 /* CameraResponse.swift in Sources */ = {isa = PBXBuildFile; fileRef = D7CE58B52498EAEC005A9F17 /* CameraResponse.swift */; };
		D7CE58B82498EE0C005A9F17 /* AnyAPI.swift in Sources */ = {isa = PBXBuildFile; fileRef = D7CE58B72498EE0C005A9F17 /* AnyAPI.swift */; };
		D7CE58C12498FCC3005A9F17 /* Constants.swift in Sources */ = {isa = PBXBuildFile; fileRef = D7CE58C02498FCC3005A9F17 /* Constants.swift */; };
		D7CE58C524990BC1005A9F17 /* MapAPI.swift in Sources */ = {isa = PBXBuildFile; fileRef = D7CE58C424990BC1005A9F17 /* MapAPI.swift */; };
		D7CE58C82499115C005A9F17 /* API.swift in Sources */ = {isa = PBXBuildFile; fileRef = D7CE58C72499115C005A9F17 /* API.swift */; };
/* End PBXBuildFile section */

/* Begin PBXContainerItemProxy section */
		D7CE58892498D476005A9F17 /* PBXContainerItemProxy */ = {
			isa = PBXContainerItemProxy;
			containerPortal = D7CE586A2498D474005A9F17 /* Project object */;
			proxyType = 1;
			remoteGlobalIDString = D7CE58712498D474005A9F17;
			remoteInfo = TrafficExplorer;
		};
/* End PBXContainerItemProxy section */

/* Begin PBXFileReference section */
		D73FABEB249BAC6F004F79A6 /* PinDetailsViewController.swift */ = {isa = PBXFileReference; lastKnownFileType = sourcecode.swift; path = PinDetailsViewController.swift; sourceTree = "<group>"; };
		D73FABED249BAC7D004F79A6 /* PinDetailsCoordinator.swift */ = {isa = PBXFileReference; lastKnownFileType = sourcecode.swift; path = PinDetailsCoordinator.swift; sourceTree = "<group>"; };
		D73FABEF249BB7BD004F79A6 /* PinDetailsPresenter.swift */ = {isa = PBXFileReference; lastKnownFileType = sourcecode.swift; path = PinDetailsPresenter.swift; sourceTree = "<group>"; };
		D77F7267249A090700E64D86 /* Popup.swift */ = {isa = PBXFileReference; lastKnownFileType = sourcecode.swift; path = Popup.swift; sourceTree = "<group>"; };
		D77F7269249A3C5A00E64D86 /* UIViewController+Popup.swift */ = {isa = PBXFileReference; lastKnownFileType = sourcecode.swift; path = "UIViewController+Popup.swift"; sourceTree = "<group>"; };
		D77F726C249A414C00E64D86 /* HomePresenterTests.swift */ = {isa = PBXFileReference; lastKnownFileType = sourcecode.swift; path = HomePresenterTests.swift; sourceTree = "<group>"; };
		D77F7270249A41EF00E64D86 /* MockHome.swift */ = {isa = PBXFileReference; lastKnownFileType = sourcecode.swift; path = MockHome.swift; sourceTree = "<group>"; };
		D77F7273249A461C00E64D86 /* MapPresenterTests.swift */ = {isa = PBXFileReference; lastKnownFileType = sourcecode.swift; path = MapPresenterTests.swift; sourceTree = "<group>"; };
		D77F7275249A463900E64D86 /* MockMap.swift */ = {isa = PBXFileReference; lastKnownFileType = sourcecode.swift; path = MockMap.swift; sourceTree = "<group>"; };
		D78D37252499C631002BF2AE /* TrafficMapViewController.swift */ = {isa = PBXFileReference; lastKnownFileType = sourcecode.swift; path = TrafficMapViewController.swift; sourceTree = "<group>"; };
		D7CE58722498D475005A9F17 /* TrafficExplorer.app */ = {isa = PBXFileReference; explicitFileType = wrapper.application; includeInIndex = 0; path = TrafficExplorer.app; sourceTree = BUILT_PRODUCTS_DIR; };
		D7CE58752498D475005A9F17 /* AppDelegate.swift */ = {isa = PBXFileReference; lastKnownFileType = sourcecode.swift; path = AppDelegate.swift; sourceTree = "<group>"; };
		D7CE58772498D475005A9F17 /* SceneDelegate.swift */ = {isa = PBXFileReference; lastKnownFileType = sourcecode.swift; path = SceneDelegate.swift; sourceTree = "<group>"; };
		D7CE58792498D475005A9F17 /* HomeViewController.swift */ = {isa = PBXFileReference; lastKnownFileType = sourcecode.swift; path = HomeViewController.swift; sourceTree = "<group>"; };
		D7CE587C2498D475005A9F17 /* Base */ = {isa = PBXFileReference; lastKnownFileType = file.storyboard; name = Base; path = Base.lproj/Main.storyboard; sourceTree = "<group>"; };
		D7CE587E2498D476005A9F17 /* Assets.xcassets */ = {isa = PBXFileReference; lastKnownFileType = folder.assetcatalog; path = Assets.xcassets; sourceTree = "<group>"; };
		D7CE58812498D476005A9F17 /* Base */ = {isa = PBXFileReference; lastKnownFileType = file.storyboard; name = Base; path = Base.lproj/LaunchScreen.storyboard; sourceTree = "<group>"; };
		D7CE58832498D476005A9F17 /* Info.plist */ = {isa = PBXFileReference; lastKnownFileType = text.plist.xml; path = Info.plist; sourceTree = "<group>"; };
		D7CE58882498D476005A9F17 /* TrafficExplorerTests.xctest */ = {isa = PBXFileReference; explicitFileType = wrapper.cfbundle; includeInIndex = 0; path = TrafficExplorerTests.xctest; sourceTree = BUILT_PRODUCTS_DIR; };
		D7CE588E2498D476005A9F17 /* Info.plist */ = {isa = PBXFileReference; lastKnownFileType = text.plist.xml; path = Info.plist; sourceTree = "<group>"; };
		D7CE58A42498D97B005A9F17 /* BaseNavigationController.swift */ = {isa = PBXFileReference; lastKnownFileType = sourcecode.swift; path = BaseNavigationController.swift; sourceTree = "<group>"; };
		D7CE58A62498D9E2005A9F17 /* HomeCoordinator.swift */ = {isa = PBXFileReference; lastKnownFileType = sourcecode.swift; path = HomeCoordinator.swift; sourceTree = "<group>"; };
		D7CE58A82498DAAF005A9F17 /* String+extension.swift */ = {isa = PBXFileReference; lastKnownFileType = sourcecode.swift; path = "String+extension.swift"; sourceTree = "<group>"; };
		D7CE58AB2498E3DD005A9F17 /* HomePresenter.swift */ = {isa = PBXFileReference; lastKnownFileType = sourcecode.swift; path = HomePresenter.swift; sourceTree = "<group>"; };
		D7CE58AD2498E5BC005A9F17 /* TrafficMapCoordinator.swift */ = {isa = PBXFileReference; lastKnownFileType = sourcecode.swift; path = TrafficMapCoordinator.swift; sourceTree = "<group>"; };
		D7CE58AF2498E5E5005A9F17 /* TrafficMapPresenter.swift */ = {isa = PBXFileReference; lastKnownFileType = sourcecode.swift; path = TrafficMapPresenter.swift; sourceTree = "<group>"; };
		D7CE58B32498EAB6005A9F17 /* TrafficResponse.swift */ = {isa = PBXFileReference; lastKnownFileType = sourcecode.swift; path = TrafficResponse.swift; sourceTree = "<group>"; };
		D7CE58B52498EAEC005A9F17 /* CameraResponse.swift */ = {isa = PBXFileReference; lastKnownFileType = sourcecode.swift; path = CameraResponse.swift; sourceTree = "<group>"; };
		D7CE58B72498EE0C005A9F17 /* AnyAPI.swift */ = {isa = PBXFileReference; lastKnownFileType = sourcecode.swift; path = AnyAPI.swift; sourceTree = "<group>"; };
		D7CE58C02498FCC3005A9F17 /* Constants.swift */ = {isa = PBXFileReference; lastKnownFileType = sourcecode.swift; path = Constants.swift; sourceTree = "<group>"; };
		D7CE58C424990BC1005A9F17 /* MapAPI.swift */ = {isa = PBXFileReference; lastKnownFileType = sourcecode.swift; path = MapAPI.swift; sourceTree = "<group>"; };
		D7CE58C72499115C005A9F17 /* API.swift */ = {isa = PBXFileReference; lastKnownFileType = sourcecode.swift; path = API.swift; sourceTree = "<group>"; };
/* End PBXFileReference section */

/* Begin PBXFrameworksBuildPhase section */
		D7CE586F2498D474005A9F17 /* Frameworks */ = {
			isa = PBXFrameworksBuildPhase;
			buildActionMask = 2147483647;
			files = (
			);
			runOnlyForDeploymentPostprocessing = 0;
		};
		D7CE58852498D476005A9F17 /* Frameworks */ = {
			isa = PBXFrameworksBuildPhase;
			buildActionMask = 2147483647;
			files = (
			);
			runOnlyForDeploymentPostprocessing = 0;
		};
/* End PBXFrameworksBuildPhase section */

/* Begin PBXGroup section */
		D73FABEA249BAC53004F79A6 /* Details */ = {
			isa = PBXGroup;
			children = (
				D73FABED249BAC7D004F79A6 /* PinDetailsCoordinator.swift */,
				D73FABEB249BAC6F004F79A6 /* PinDetailsViewController.swift */,
			);
			path = Details;
			sourceTree = "<group>";
		};
		D77F7266249A08ED00E64D86 /* Errors */ = {
			isa = PBXGroup;
			children = (
				D77F7267249A090700E64D86 /* Popup.swift */,
			);
			path = Errors;
			sourceTree = "<group>";
		};
		D77F726B249A413600E64D86 /* DomainTests */ = {
			isa = PBXGroup;
			children = (
				D77F726E249A419500E64D86 /* Services */,
			);
			path = DomainTests;
			sourceTree = "<group>";
		};
		D77F726E249A419500E64D86 /* Services */ = {
			isa = PBXGroup;
			children = (
				D77F726F249A41A900E64D86 /* Home */,
				D77F7272249A460C00E64D86 /* Map */,
			);
			path = Services;
			sourceTree = "<group>";
		};
		D77F726F249A41A900E64D86 /* Home */ = {
			isa = PBXGroup;
			children = (
				D77F726C249A414C00E64D86 /* HomePresenterTests.swift */,
				D77F7270249A41EF00E64D86 /* MockHome.swift */,
			);
			path = Home;
			sourceTree = "<group>";
		};
		D77F7272249A460C00E64D86 /* Map */ = {
			isa = PBXGroup;
			children = (
				D77F7273249A461C00E64D86 /* MapPresenterTests.swift */,
				D77F7275249A463900E64D86 /* MockMap.swift */,
			);
			path = Map;
			sourceTree = "<group>";
		};
		D78D37272499CE87002BF2AE /* Home */ = {
			isa = PBXGroup;
			children = (
				D7CE58AB2498E3DD005A9F17 /* HomePresenter.swift */,
			);
			path = Home;
			sourceTree = "<group>";
		};
		D78D37282499CE91002BF2AE /* Home */ = {
			isa = PBXGroup;
			children = (
				D7CE58A62498D9E2005A9F17 /* HomeCoordinator.swift */,
				D7CE58792498D475005A9F17 /* HomeViewController.swift */,
			);
			path = Home;
			sourceTree = "<group>";
		};
		D7CE58692498D474005A9F17 = {
			isa = PBXGroup;
			children = (
				D7CE58742498D475005A9F17 /* TrafficExplorer */,
				D7CE588B2498D476005A9F17 /* TrafficExplorerTests */,
				D7CE58732498D475005A9F17 /* Products */,
			);
			sourceTree = "<group>";
		};
		D7CE58732498D475005A9F17 /* Products */ = {
			isa = PBXGroup;
			children = (
				D7CE58722498D475005A9F17 /* TrafficExplorer.app */,
				D7CE58882498D476005A9F17 /* TrafficExplorerTests.xctest */,
			);
			name = Products;
			sourceTree = "<group>";
		};
		D7CE58742498D475005A9F17 /* TrafficExplorer */ = {
			isa = PBXGroup;
			children = (
				D7CE58832498D476005A9F17 /* Info.plist */,
				D7CE587E2498D476005A9F17 /* Assets.xcassets */,
				D7CE58982498D747005A9F17 /* Domain */,
				D7CE58992498D755005A9F17 /* Source */,
			);
			path = TrafficExplorer;
			sourceTree = "<group>";
		};
		D7CE588B2498D476005A9F17 /* TrafficExplorerTests */ = {
			isa = PBXGroup;
			children = (
				D7CE588E2498D476005A9F17 /* Info.plist */,
				D77F726B249A413600E64D86 /* DomainTests */,
			);
			path = TrafficExplorerTests;
			sourceTree = "<group>";
		};
		D7CE58982498D747005A9F17 /* Domain */ = {
			isa = PBXGroup;
			children = (
				D77F7266249A08ED00E64D86 /* Errors */,
				D7CE58AA2498E3CC005A9F17 /* Services */,
			);
			path = Domain;
			sourceTree = "<group>";
		};
		D7CE58992498D755005A9F17 /* Source */ = {
			isa = PBXGroup;
			children = (
				D7CE589D2498D789005A9F17 /* Resources */,
				D7CE589E2498D7C1005A9F17 /* Infrastructure */,
				D7CE58A22498D8D4005A9F17 /* UI */,
			);
			path = Source;
			sourceTree = "<group>";
		};
		D7CE589A2498D75C005A9F17 /* Main */ = {
			isa = PBXGroup;
			children = (
				D78D37282499CE91002BF2AE /* Home */,
				D7CE589F2498D855005A9F17 /* Map */,
			);
			path = Main;
			sourceTree = "<group>";
		};
		D7CE589B2498D763005A9F17 /* Extensions */ = {
			isa = PBXGroup;
			children = (
				D7CE58A82498DAAF005A9F17 /* String+extension.swift */,
				D77F7269249A3C5A00E64D86 /* UIViewController+Popup.swift */,
			);
			path = Extensions;
			sourceTree = "<group>";
		};
		D7CE589C2498D76F005A9F17 /* Shared */ = {
			isa = PBXGroup;
			children = (
				D7CE58C02498FCC3005A9F17 /* Constants.swift */,
				D7CE58A32498D963005A9F17 /* Controllers */,
			);
			path = Shared;
			sourceTree = "<group>";
		};
		D7CE589D2498D789005A9F17 /* Resources */ = {
			isa = PBXGroup;
			children = (
				D7CE58802498D476005A9F17 /* LaunchScreen.storyboard */,
				D7CE587B2498D475005A9F17 /* Main.storyboard */,
			);
			path = Resources;
			sourceTree = "<group>";
		};
		D7CE589E2498D7C1005A9F17 /* Infrastructure */ = {
			isa = PBXGroup;
			children = (
				D7CE58752498D475005A9F17 /* AppDelegate.swift */,
				D7CE58772498D475005A9F17 /* SceneDelegate.swift */,
				D7CE58C72499115C005A9F17 /* API.swift */,
			);
			path = Infrastructure;
			sourceTree = "<group>";
		};
		D7CE589F2498D855005A9F17 /* Map */ = {
			isa = PBXGroup;
			children = (
				D7CE58AD2498E5BC005A9F17 /* TrafficMapCoordinator.swift */,
				D78D37252499C631002BF2AE /* TrafficMapViewController.swift */,
				D73FABEA249BAC53004F79A6 /* Details */,
			);
			path = Map;
			sourceTree = "<group>";
		};
		D7CE58A22498D8D4005A9F17 /* UI */ = {
			isa = PBXGroup;
			children = (
				D7CE589B2498D763005A9F17 /* Extensions */,
				D7CE589A2498D75C005A9F17 /* Main */,
				D7CE589C2498D76F005A9F17 /* Shared */,
			);
			path = UI;
			sourceTree = "<group>";
		};
		D7CE58A32498D963005A9F17 /* Controllers */ = {
			isa = PBXGroup;
			children = (
				D7CE58A42498D97B005A9F17 /* BaseNavigationController.swift */,
			);
			path = Controllers;
			sourceTree = "<group>";
		};
		D7CE58AA2498E3CC005A9F17 /* Services */ = {
			isa = PBXGroup;
			children = (
				D7CE58B72498EE0C005A9F17 /* AnyAPI.swift */,
				D78D37272499CE87002BF2AE /* Home */,
				D7CE58B12498E5E8005A9F17 /* Map */,
			);
			path = Services;
			sourceTree = "<group>";
		};
		D7CE58B12498E5E8005A9F17 /* Map */ = {
			isa = PBXGroup;
			children = (
				D73FABEF249BB7BD004F79A6 /* PinDetailsPresenter.swift */,
				D7CE58AF2498E5E5005A9F17 /* TrafficMapPresenter.swift */,
				D7CE58C324990BB6005A9F17 /* API */,
			);
			path = Map;
			sourceTree = "<group>";
		};
		D7CE58B22498EA95005A9F17 /* Entities */ = {
			isa = PBXGroup;
			children = (
				D7CE58B52498EAEC005A9F17 /* CameraResponse.swift */,
				D7CE58B32498EAB6005A9F17 /* TrafficResponse.swift */,
			);
			path = Entities;
			sourceTree = "<group>";
		};
		D7CE58C324990BB6005A9F17 /* API */ = {
			isa = PBXGroup;
			children = (
				D7CE58C424990BC1005A9F17 /* MapAPI.swift */,
				D7CE58B22498EA95005A9F17 /* Entities */,
			);
			path = API;
			sourceTree = "<group>";
		};
/* End PBXGroup section */

/* Begin PBXNativeTarget section */
		D7CE58712498D474005A9F17 /* TrafficExplorer */ = {
			isa = PBXNativeTarget;
			buildConfigurationList = D7CE58912498D476005A9F17 /* Build configuration list for PBXNativeTarget "TrafficExplorer" */;
			buildPhases = (
				D7CE586E2498D474005A9F17 /* Sources */,
				D7CE586F2498D474005A9F17 /* Frameworks */,
				D7CE58702498D474005A9F17 /* Resources */,
			);
			buildRules = (
			);
			dependencies = (
			);
			name = TrafficExplorer;
			productName = TrafficExplorer;
			productReference = D7CE58722498D475005A9F17 /* TrafficExplorer.app */;
			productType = "com.apple.product-type.application";
		};
		D7CE58872498D476005A9F17 /* TrafficExplorerTests */ = {
			isa = PBXNativeTarget;
			buildConfigurationList = D7CE58942498D476005A9F17 /* Build configuration list for PBXNativeTarget "TrafficExplorerTests" */;
			buildPhases = (
				D7CE58842498D476005A9F17 /* Sources */,
				D7CE58852498D476005A9F17 /* Frameworks */,
				D7CE58862498D476005A9F17 /* Resources */,
			);
			buildRules = (
			);
			dependencies = (
				D7CE588A2498D476005A9F17 /* PBXTargetDependency */,
			);
			name = TrafficExplorerTests;
			productName = TrafficExplorerTests;
			productReference = D7CE58882498D476005A9F17 /* TrafficExplorerTests.xctest */;
			productType = "com.apple.product-type.bundle.unit-test";
		};
/* End PBXNativeTarget section */

/* Begin PBXProject section */
		D7CE586A2498D474005A9F17 /* Project object */ = {
			isa = PBXProject;
			attributes = {
				LastSwiftUpdateCheck = 1130;
				LastUpgradeCheck = 1130;
				ORGANIZATIONNAME = com.khang.vu;
				TargetAttributes = {
					D7CE58712498D474005A9F17 = {
						CreatedOnToolsVersion = 11.3.1;
					};
					D7CE58872498D476005A9F17 = {
						CreatedOnToolsVersion = 11.3.1;
						TestTargetID = D7CE58712498D474005A9F17;
					};
				};
			};
			buildConfigurationList = D7CE586D2498D474005A9F17 /* Build configuration list for PBXProject "TrafficExplorer" */;
			compatibilityVersion = "Xcode 9.3";
			developmentRegion = en;
			hasScannedForEncodings = 0;
			knownRegions = (
				en,
				Base,
			);
			mainGroup = D7CE58692498D474005A9F17;
			productRefGroup = D7CE58732498D475005A9F17 /* Products */;
			projectDirPath = "";
			projectRoot = "";
			targets = (
				D7CE58712498D474005A9F17 /* TrafficExplorer */,
				D7CE58872498D476005A9F17 /* TrafficExplorerTests */,
			);
		};
/* End PBXProject section */

/* Begin PBXResourcesBuildPhase section */
		D7CE58702498D474005A9F17 /* Resources */ = {
			isa = PBXResourcesBuildPhase;
			buildActionMask = 2147483647;
			files = (
				D7CE58822498D476005A9F17 /* LaunchScreen.storyboard in Resources */,
				D7CE587F2498D476005A9F17 /* Assets.xcassets in Resources */,
				D7CE587D2498D475005A9F17 /* Main.storyboard in Resources */,
			);
			runOnlyForDeploymentPostprocessing = 0;
		};
		D7CE58862498D476005A9F17 /* Resources */ = {
			isa = PBXResourcesBuildPhase;
			buildActionMask = 2147483647;
			files = (
			);
			runOnlyForDeploymentPostprocessing = 0;
		};
/* End PBXResourcesBuildPhase section */

/* Begin PBXSourcesBuildPhase section */
		D7CE586E2498D474005A9F17 /* Sources */ = {
			isa = PBXSourcesBuildPhase;
			buildActionMask = 2147483647;
			files = (
				D7CE58AC2498E3DD005A9F17 /* HomePresenter.swift in Sources */,
				D7CE58A52498D97B005A9F17 /* BaseNavigationController.swift in Sources */,
				D7CE58B02498E5E5005A9F17 /* TrafficMapPresenter.swift in Sources */,
				D7CE58C524990BC1005A9F17 /* MapAPI.swift in Sources */,
				D7CE58C82499115C005A9F17 /* API.swift in Sources */,
				D73FABF0249BB7BD004F79A6 /* PinDetailsPresenter.swift in Sources */,
				D78D37262499C631002BF2AE /* TrafficMapViewController.swift in Sources */,
				D77F7268249A090700E64D86 /* Popup.swift in Sources */,
				D7CE587A2498D475005A9F17 /* HomeViewController.swift in Sources */,
				D7CE58A92498DAAF005A9F17 /* String+extension.swift in Sources */,
				D73FABEC249BAC6F004F79A6 /* PinDetailsViewController.swift in Sources */,
				D7CE58B82498EE0C005A9F17 /* AnyAPI.swift in Sources */,
				D73FABEE249BAC7D004F79A6 /* PinDetailsCoordinator.swift in Sources */,
				D7CE58B62498EAEC005A9F17 /* CameraResponse.swift in Sources */,
				D7CE58C12498FCC3005A9F17 /* Constants.swift in Sources */,
				D7CE58A72498D9E2005A9F17 /* HomeCoordinator.swift in Sources */,
				D7CE58762498D475005A9F17 /* AppDelegate.swift in Sources */,
				D7CE58B42498EAB6005A9F17 /* TrafficResponse.swift in Sources */,
				D7CE58782498D475005A9F17 /* SceneDelegate.swift in Sources */,
				D7CE58AE2498E5BC005A9F17 /* TrafficMapCoordinator.swift in Sources */,
				D77F726A249A3C5A00E64D86 /* UIViewController+Popup.swift in Sources */,
			);
			runOnlyForDeploymentPostprocessing = 0;
		};
		D7CE58842498D476005A9F17 /* Sources */ = {
			isa = PBXSourcesBuildPhase;
			buildActionMask = 2147483647;
			files = (
				D77F7271249A41EF00E64D86 /* MockHome.swift in Sources */,
				D77F726D249A414C00E64D86 /* HomePresenterTests.swift in Sources */,
				D77F7274249A461C00E64D86 /* MapPresenterTests.swift in Sources */,
				D77F7276249A463900E64D86 /* MockMap.swift in Sources */,
			);
			runOnlyForDeploymentPostprocessing = 0;
		};
/* End PBXSourcesBuildPhase section */

/* Begin PBXTargetDependency section */
		D7CE588A2498D476005A9F17 /* PBXTargetDependency */ = {
			isa = PBXTargetDependency;
			target = D7CE58712498D474005A9F17 /* TrafficExplorer */;
			targetProxy = D7CE58892498D476005A9F17 /* PBXContainerItemProxy */;
		};
/* End PBXTargetDependency section */

/* Begin PBXVariantGroup section */
		D7CE587B2498D475005A9F17 /* Main.storyboard */ = {
			isa = PBXVariantGroup;
			children = (
				D7CE587C2498D475005A9F17 /* Base */,
			);
			name = Main.storyboard;
			sourceTree = "<group>";
		};
		D7CE58802498D476005A9F17 /* LaunchScreen.storyboard */ = {
			isa = PBXVariantGroup;
			children = (
				D7CE58812498D476005A9F17 /* Base */,
			);
			name = LaunchScreen.storyboard;
			sourceTree = "<group>";
		};
/* End PBXVariantGroup section */

/* Begin XCBuildConfiguration section */
		D7CE588F2498D476005A9F17 /* Debug */ = {
			isa = XCBuildConfiguration;
			buildSettings = {
				ALWAYS_SEARCH_USER_PATHS = NO;
				CLANG_ANALYZER_NONNULL = YES;
				CLANG_ANALYZER_NUMBER_OBJECT_CONVERSION = YES_AGGRESSIVE;
				CLANG_CXX_LANGUAGE_STANDARD = "gnu++14";
				CLANG_CXX_LIBRARY = "libc++";
				CLANG_ENABLE_MODULES = YES;
				CLANG_ENABLE_OBJC_ARC = YES;
				CLANG_ENABLE_OBJC_WEAK = YES;
				CLANG_WARN_BLOCK_CAPTURE_AUTORELEASING = YES;
				CLANG_WARN_BOOL_CONVERSION = YES;
				CLANG_WARN_COMMA = YES;
				CLANG_WARN_CONSTANT_CONVERSION = YES;
				CLANG_WARN_DEPRECATED_OBJC_IMPLEMENTATIONS = YES;
				CLANG_WARN_DIRECT_OBJC_ISA_USAGE = YES_ERROR;
				CLANG_WARN_DOCUMENTATION_COMMENTS = YES;
				CLANG_WARN_EMPTY_BODY = YES;
				CLANG_WARN_ENUM_CONVERSION = YES;
				CLANG_WARN_INFINITE_RECURSION = YES;
				CLANG_WARN_INT_CONVERSION = YES;
				CLANG_WARN_NON_LITERAL_NULL_CONVERSION = YES;
				CLANG_WARN_OBJC_IMPLICIT_RETAIN_SELF = YES;
				CLANG_WARN_OBJC_LITERAL_CONVERSION = YES;
				CLANG_WARN_OBJC_ROOT_CLASS = YES_ERROR;
				CLANG_WARN_RANGE_LOOP_ANALYSIS = YES;
				CLANG_WARN_STRICT_PROTOTYPES = YES;
				CLANG_WARN_SUSPICIOUS_MOVE = YES;
				CLANG_WARN_UNGUARDED_AVAILABILITY = YES_AGGRESSIVE;
				CLANG_WARN_UNREACHABLE_CODE = YES;
				CLANG_WARN__DUPLICATE_METHOD_MATCH = YES;
				COPY_PHASE_STRIP = NO;
				DEBUG_INFORMATION_FORMAT = dwarf;
				ENABLE_STRICT_OBJC_MSGSEND = YES;
				ENABLE_TESTABILITY = YES;
				GCC_C_LANGUAGE_STANDARD = gnu11;
				GCC_DYNAMIC_NO_PIC = NO;
				GCC_NO_COMMON_BLOCKS = YES;
				GCC_OPTIMIZATION_LEVEL = 0;
				GCC_PREPROCESSOR_DEFINITIONS = (
					"DEBUG=1",
					"$(inherited)",
				);
				GCC_WARN_64_TO_32_BIT_CONVERSION = YES;
				GCC_WARN_ABOUT_RETURN_TYPE = YES_ERROR;
				GCC_WARN_UNDECLARED_SELECTOR = YES;
				GCC_WARN_UNINITIALIZED_AUTOS = YES_AGGRESSIVE;
				GCC_WARN_UNUSED_FUNCTION = YES;
				GCC_WARN_UNUSED_VARIABLE = YES;
				IPHONEOS_DEPLOYMENT_TARGET = 13.2;
				MTL_ENABLE_DEBUG_INFO = INCLUDE_SOURCE;
				MTL_FAST_MATH = YES;
				ONLY_ACTIVE_ARCH = YES;
				SDKROOT = iphoneos;
				SWIFT_ACTIVE_COMPILATION_CONDITIONS = DEBUG;
				SWIFT_OPTIMIZATION_LEVEL = "-Onone";
			};
			name = Debug;
		};
		D7CE58902498D476005A9F17 /* Release */ = {
			isa = XCBuildConfiguration;
			buildSettings = {
				ALWAYS_SEARCH_USER_PATHS = NO;
				CLANG_ANALYZER_NONNULL = YES;
				CLANG_ANALYZER_NUMBER_OBJECT_CONVERSION = YES_AGGRESSIVE;
				CLANG_CXX_LANGUAGE_STANDARD = "gnu++14";
				CLANG_CXX_LIBRARY = "libc++";
				CLANG_ENABLE_MODULES = YES;
				CLANG_ENABLE_OBJC_ARC = YES;
				CLANG_ENABLE_OBJC_WEAK = YES;
				CLANG_WARN_BLOCK_CAPTURE_AUTORELEASING = YES;
				CLANG_WARN_BOOL_CONVERSION = YES;
				CLANG_WARN_COMMA = YES;
				CLANG_WARN_CONSTANT_CONVERSION = YES;
				CLANG_WARN_DEPRECATED_OBJC_IMPLEMENTATIONS = YES;
				CLANG_WARN_DIRECT_OBJC_ISA_USAGE = YES_ERROR;
				CLANG_WARN_DOCUMENTATION_COMMENTS = YES;
				CLANG_WARN_EMPTY_BODY = YES;
				CLANG_WARN_ENUM_CONVERSION = YES;
				CLANG_WARN_INFINITE_RECURSION = YES;
				CLANG_WARN_INT_CONVERSION = YES;
				CLANG_WARN_NON_LITERAL_NULL_CONVERSION = YES;
				CLANG_WARN_OBJC_IMPLICIT_RETAIN_SELF = YES;
				CLANG_WARN_OBJC_LITERAL_CONVERSION = YES;
				CLANG_WARN_OBJC_ROOT_CLASS = YES_ERROR;
				CLANG_WARN_RANGE_LOOP_ANALYSIS = YES;
				CLANG_WARN_STRICT_PROTOTYPES = YES;
				CLANG_WARN_SUSPICIOUS_MOVE = YES;
				CLANG_WARN_UNGUARDED_AVAILABILITY = YES_AGGRESSIVE;
				CLANG_WARN_UNREACHABLE_CODE = YES;
				CLANG_WARN__DUPLICATE_METHOD_MATCH = YES;
				COPY_PHASE_STRIP = NO;
				DEBUG_INFORMATION_FORMAT = "dwarf-with-dsym";
				ENABLE_NS_ASSERTIONS = NO;
				ENABLE_STRICT_OBJC_MSGSEND = YES;
				GCC_C_LANGUAGE_STANDARD = gnu11;
				GCC_NO_COMMON_BLOCKS = YES;
				GCC_WARN_64_TO_32_BIT_CONVERSION = YES;
				GCC_WARN_ABOUT_RETURN_TYPE = YES_ERROR;
				GCC_WARN_UNDECLARED_SELECTOR = YES;
				GCC_WARN_UNINITIALIZED_AUTOS = YES_AGGRESSIVE;
				GCC_WARN_UNUSED_FUNCTION = YES;
				GCC_WARN_UNUSED_VARIABLE = YES;
				IPHONEOS_DEPLOYMENT_TARGET = 13.2;
				MTL_ENABLE_DEBUG_INFO = NO;
				MTL_FAST_MATH = YES;
				SDKROOT = iphoneos;
				SWIFT_COMPILATION_MODE = wholemodule;
				SWIFT_OPTIMIZATION_LEVEL = "-O";
				VALIDATE_PRODUCT = YES;
			};
			name = Release;
		};
		D7CE58922498D476005A9F17 /* Debug */ = {
			isa = XCBuildConfiguration;
			buildSettings = {
				ASSETCATALOG_COMPILER_APPICON_NAME = AppIcon;
				CODE_SIGN_IDENTITY = "Apple Development";
				CODE_SIGN_STYLE = Manual;
				DEVELOPMENT_TEAM = "";
				INFOPLIST_FILE = TrafficExplorer/Info.plist;
				LD_RUNPATH_SEARCH_PATHS = (
					"$(inherited)",
					"@executable_path/Frameworks",
				);
				PRODUCT_BUNDLE_IDENTIFIER = com.khang.vu.TrafficExplorer;
				PRODUCT_NAME = "$(TARGET_NAME)";
				PROVISIONING_PROFILE_SPECIFIER = "";
				SWIFT_VERSION = 5.0;
				TARGETED_DEVICE_FAMILY = 1;
			};
			name = Debug;
		};
		D7CE58932498D476005A9F17 /* Release */ = {
			isa = XCBuildConfiguration;
			buildSettings = {
				ASSETCATALOG_COMPILER_APPICON_NAME = AppIcon;
				CODE_SIGN_IDENTITY = "Apple Development";
				CODE_SIGN_STYLE = Manual;
				DEVELOPMENT_TEAM = "";
				INFOPLIST_FILE = TrafficExplorer/Info.plist;
				LD_RUNPATH_SEARCH_PATHS = (
					"$(inherited)",
					"@executable_path/Frameworks",
				);
				PRODUCT_BUNDLE_IDENTIFIER = com.khang.vu.TrafficExplorer;
				PRODUCT_NAME = "$(TARGET_NAME)";
				PROVISIONING_PROFILE_SPECIFIER = "";
				SWIFT_VERSION = 5.0;
				TARGETED_DEVICE_FAMILY = 1;
			};
			name = Release;
		};
		D7CE58952498D476005A9F17 /* Debug */ = {
			isa = XCBuildConfiguration;
			buildSettings = {
				ALWAYS_EMBED_SWIFT_STANDARD_LIBRARIES = YES;
				BUNDLE_LOADER = "$(TEST_HOST)";
				CODE_SIGN_STYLE = Automatic;
				DEVELOPMENT_TEAM = LDEY34FNMQ;
				INFOPLIST_FILE = TrafficExplorerTests/Info.plist;
				IPHONEOS_DEPLOYMENT_TARGET = 13.2;
				LD_RUNPATH_SEARCH_PATHS = (
					"$(inherited)",
					"@executable_path/Frameworks",
					"@loader_path/Frameworks",
				);
				PRODUCT_BUNDLE_IDENTIFIER = com.khang.vu.TrafficExplorerTests;
				PRODUCT_NAME = "$(TARGET_NAME)";
				SWIFT_VERSION = 5.0;
				TARGETED_DEVICE_FAMILY = "1,2";
				TEST_HOST = "$(BUILT_PRODUCTS_DIR)/TrafficExplorer.app/TrafficExplorer";
			};
			name = Debug;
		};
		D7CE58962498D476005A9F17 /* Release */ = {
			isa = XCBuildConfiguration;
			buildSettings = {
				ALWAYS_EMBED_SWIFT_STANDARD_LIBRARIES = YES;
				BUNDLE_LOADER = "$(TEST_HOST)";
				CODE_SIGN_STYLE = Automatic;
				DEVELOPMENT_TEAM = LDEY34FNMQ;
				INFOPLIST_FILE = TrafficExplorerTests/Info.plist;
				IPHONEOS_DEPLOYMENT_TARGET = 13.2;
				LD_RUNPATH_SEARCH_PATHS = (
					"$(inherited)",
					"@executable_path/Frameworks",
					"@loader_path/Frameworks",
				);
				PRODUCT_BUNDLE_IDENTIFIER = com.khang.vu.TrafficExplorerTests;
				PRODUCT_NAME = "$(TARGET_NAME)";
				SWIFT_VERSION = 5.0;
				TARGETED_DEVICE_FAMILY = "1,2";
				TEST_HOST = "$(BUILT_PRODUCTS_DIR)/TrafficExplorer.app/TrafficExplorer";
			};
			name = Release;
		};
/* End XCBuildConfiguration section */

/* Begin XCConfigurationList section */
		D7CE586D2498D474005A9F17 /* Build configuration list for PBXProject "TrafficExplorer" */ = {
			isa = XCConfigurationList;
			buildConfigurations = (
				D7CE588F2498D476005A9F17 /* Debug */,
				D7CE58902498D476005A9F17 /* Release */,
			);
			defaultConfigurationIsVisible = 0;
			defaultConfigurationName = Release;
		};
		D7CE58912498D476005A9F17 /* Build configuration list for PBXNativeTarget "TrafficExplorer" */ = {
			isa = XCConfigurationList;
			buildConfigurations = (
				D7CE58922498D476005A9F17 /* Debug */,
				D7CE58932498D476005A9F17 /* Release */,
			);
			defaultConfigurationIsVisible = 0;
			defaultConfigurationName = Release;
		};
		D7CE58942498D476005A9F17 /* Build configuration list for PBXNativeTarget "TrafficExplorerTests" */ = {
			isa = XCConfigurationList;
			buildConfigurations = (
				D7CE58952498D476005A9F17 /* Debug */,
				D7CE58962498D476005A9F17 /* Release */,
			);
			defaultConfigurationIsVisible = 0;
			defaultConfigurationName = Release;
		};
/* End XCConfigurationList section */
	};
	rootObject = D7CE586A2498D474005A9F17 /* Project object */;
}
